# THIS IS AN AUTOGENERATED FILE. DO NOT EDIT THIS FILE DIRECTLY.
# yarn lockfile v1


colors@^1.4.0:
  version "1.4.0"
  resolved "http://registry.npm.qima-inc.com/colors/download/colors-1.4.0.tgz#c50491479d4c1bdaed2c9ced32cf7c7dc2360f78"
  integrity sha1-xQSRR51MG9rtLJztMs98fcI2D3g=

lodash@^4.17.15:
  version "4.17.15"
  resolved "http://registry.npm.qima-inc.com/lodash/download/lodash-4.17.15.tgz#b447f6670a0455bbfeedd11392eff330ea097548"
  integrity sha1-tEf2ZwoEVbv+7dETku/zMOoJdUg=

match-all@^1.2.5:
  version "1.2.5"
  resolved "http://registry.npm.qima-inc.com/match-all/download/match-all-1.2.5.tgz#f709af311a7cb9ae464d9107a4f0fe08d3326eff"
  integrity sha1-9wmvMRp8ua5GTZEHpPD+CNMybv8=
